
Microsoft Visual Studio Solution File, Format Version 12.00
# Visual Studio 15
VisualStudioVersion = 15.0.27703.2035
MinimumVisualStudioVersion = 10.0.40219.1
Project("{FAE04EC0-301F-11D3-BF4B-00C04F79EFBC}") = "SecondHW", "SecondHW\SecondHW.csproj", "{C4E9EA0E-8764-4C43-A470-27DE891E385D}"
EndProject
Global
	GlobalSection(SolutionConfigurationPlatforms) = preSolution
		Debug|Any CPU = Debug|Any CPU
		Release|Any CPU = Release|Any CPU
	EndGlobalSection
	GlobalSection(ProjectConfigurationPlatforms) = postSolution
		{C4E9EA0E-8764-4C43-A470-27DE891E385D}.Debug|Any CPU.ActiveCfg = Debug|Any CPU
		{C4E9EA0E-8764-4C43-A470-27DE891E385D}.Debug|Any CPU.Build.0 = Debug|Any CPU
		{C4E9EA0E-8764-4C43-A470-27DE891E385D}.Release|Any CPU.ActiveCfg = Release|Any CPU
		{C4E9EA0E-8764-4C43-A470-27DE891E385D}.Release|Any CPU.Build.0 = Release|Any CPU
	EndGlobalSection
	GlobalSection(SolutionProperties) = preSolution
		HideSolutionNode = FALSE
	EndGlobalSection
	GlobalSection(ExtensibilityGlobals) = postSolution
		SolutionGuid = {FDB1FB5F-1651-4213-8FA9-3B5F289869B3}
	EndGlobalSection
EndGlobal
